
Microsoft Visual Studio Solution File, Format Version 12.00
# Visual Studio Version 17
VisualStudioVersion = 17.2.32526.322
MinimumVisualStudioVersion = 10.0.40219.1
Project("{FAE04EC0-301F-11D3-BF4B-00C04F79EFBC}") = "Playwright.Vethman.UiTests", "Playwright.Vethman.UiTests\Playwright.Vethman.UiTests.csproj", "{304E0C5E-8123-459F-A136-1E083DFD8ED9}"
EndProject
Global
	GlobalSection(SolutionConfigurationPlatforms) = preSolution
		Debug|Any CPU = Debug|Any CPU
		Release|Any CPU = Release|Any CPU
	EndGlobalSection
	GlobalSection(ProjectConfigurationPlatforms) = postSolution
		{304E0C5E-8123-459F-A136-1E083DFD8ED9}.Debug|Any CPU.ActiveCfg = Debug|Any CPU
		{304E0C5E-8123-459F-A136-1E083DFD8ED9}.Debug|Any CPU.Build.0 = Debug|Any CPU
		{304E0C5E-8123-459F-A136-1E083DFD8ED9}.Release|Any CPU.ActiveCfg = Release|Any CPU
		{304E0C5E-8123-459F-A136-1E083DFD8ED9}.Release|Any CPU.Build.0 = Release|Any CPU
	EndGlobalSection
	GlobalSection(SolutionProperties) = preSolution
		HideSolutionNode = FALSE
	EndGlobalSection
	GlobalSection(ExtensibilityGlobals) = postSolution
		SolutionGuid = {393FF2EA-9B00-49E0-95A7-CB572E60D8F5}
	EndGlobalSection
EndGlobal
